
Microsoft Visual Studio Solution File, Format Version 12.00
# Visual Studio Version 16
VisualStudioVersion = 16.0.30503.244
MinimumVisualStudioVersion = 10.0.40219.1
Project("{9A19103F-16F7-4668-BE54-9A1E7A4F7556}") = "SwapQL", "SwapQL\SwapQL.csproj", "{8E4C4274-E157-4006-8BD9-88443A7ABC92}"
EndProject
Project("{9A19103F-16F7-4668-BE54-9A1E7A4F7556}") = "MySQL_Functions_Lib", "MySQL_Functions_Lib\MySQL_Functions_Lib.csproj", "{B1F93A17-5791-4F32-A4CD-B4FFF4D8A8F9}"
EndProject
Project("{9A19103F-16F7-4668-BE54-9A1E7A4F7556}") = "PostgreSQL_Functions_Lib", "PostgreSQL_Functions_Lib\PostgreSQL_Functions_Lib.csproj", "{BF5BBCDD-B9F3-40B5-BADB-8C9B2CD198C5}"
EndProject
Project("{FAE04EC0-301F-11D3-BF4B-00C04F79EFBC}") = "SwapQLib", "SwapQLib\SwapQLib.csproj", "{E30771CA-3B0E-496E-80A8-D07B7D0FBCC7}"
EndProject
Global
	GlobalSection(SolutionConfigurationPlatforms) = preSolution
		Debug|Any CPU = Debug|Any CPU
		Release|Any CPU = Release|Any CPU
	EndGlobalSection
	GlobalSection(ProjectConfigurationPlatforms) = postSolution
		{8E4C4274-E157-4006-8BD9-88443A7ABC92}.Debug|Any CPU.ActiveCfg = Debug|Any CPU
		{8E4C4274-E157-4006-8BD9-88443A7ABC92}.Debug|Any CPU.Build.0 = Debug|Any CPU
		{8E4C4274-E157-4006-8BD9-88443A7ABC92}.Release|Any CPU.ActiveCfg = Release|Any CPU
		{8E4C4274-E157-4006-8BD9-88443A7ABC92}.Release|Any CPU.Build.0 = Release|Any CPU
		{B1F93A17-5791-4F32-A4CD-B4FFF4D8A8F9}.Debug|Any CPU.ActiveCfg = Debug|Any CPU
		{B1F93A17-5791-4F32-A4CD-B4FFF4D8A8F9}.Debug|Any CPU.Build.0 = Debug|Any CPU
		{B1F93A17-5791-4F32-A4CD-B4FFF4D8A8F9}.Release|Any CPU.ActiveCfg = Release|Any CPU
		{B1F93A17-5791-4F32-A4CD-B4FFF4D8A8F9}.Release|Any CPU.Build.0 = Release|Any CPU
		{BF5BBCDD-B9F3-40B5-BADB-8C9B2CD198C5}.Debug|Any CPU.ActiveCfg = Debug|Any CPU
		{BF5BBCDD-B9F3-40B5-BADB-8C9B2CD198C5}.Debug|Any CPU.Build.0 = Debug|Any CPU
		{BF5BBCDD-B9F3-40B5-BADB-8C9B2CD198C5}.Release|Any CPU.ActiveCfg = Release|Any CPU
		{BF5BBCDD-B9F3-40B5-BADB-8C9B2CD198C5}.Release|Any CPU.Build.0 = Release|Any CPU
		{E30771CA-3B0E-496E-80A8-D07B7D0FBCC7}.Debug|Any CPU.ActiveCfg = Debug|Any CPU
		{E30771CA-3B0E-496E-80A8-D07B7D0FBCC7}.Debug|Any CPU.Build.0 = Debug|Any CPU
		{E30771CA-3B0E-496E-80A8-D07B7D0FBCC7}.Release|Any CPU.ActiveCfg = Release|Any CPU
		{E30771CA-3B0E-496E-80A8-D07B7D0FBCC7}.Release|Any CPU.Build.0 = Release|Any CPU
	EndGlobalSection
	GlobalSection(SolutionProperties) = preSolution
		HideSolutionNode = FALSE
	EndGlobalSection
	GlobalSection(ExtensibilityGlobals) = postSolution
		SolutionGuid = {36958E4E-7BAB-4F48-AAB0-D33C8736AFC0}
	EndGlobalSection
EndGlobal
